{
  "name": "securoserv-backup",
  "version": "1.0.0",
  "lockfileVersion": 1,
  "requires": true,
  "dependencies": {
    "@azure/abort-controller": {
      "version": "1.0.1",
      "resolved": "https://registry.npmjs.org/@azure/abort-controller/-/abort-controller-1.0.1.tgz",
      "integrity": "sha512-wP2Jw6uPp8DEDy0n4KNidvwzDjyVV2xnycEIq7nPzj1rHyb/r+t3OPeNT1INZePP2wy5ZqlwyuyOMTi0ePyY1A==",
      "requires": {
        "tslib": "^1.9.3"
      }
    },
    "@azure/core-asynciterator-polyfill": {
      "version": "1.0.0",
      "resolved": "https://registry.npmjs.org/@azure/core-asynciterator-polyfill/-/core-asynciterator-polyfill-1.0.0.tgz",
      "integrity": "sha512-kmv8CGrPfN9SwMwrkiBK9VTQYxdFQEGe0BmQk+M8io56P9KNzpAxcWE/1fxJj7uouwN4kXF0BHW8DNlgx+wtCg=="
    },
    "@azure/core-auth": {
      "version": "1.1.2",
      "resolved": "https://registry.npmjs.org/@azure/core-auth/-/core-auth-1.1.2.tgz",
      "integrity": "sha512-IUbP/f3v96dpHgXUwsAjUwDzjlUjawyUhWhGKKB6Qxy+iqppC/pVBPyc6kdpyTe7H30HN+4H3f0lar7Wp9Hx6A==",
      "requires": {
        "@azure/abort-controller": "^1.0.0",
        "@azure/core-tracing": "1.0.0-preview.8",
        "@opentelemetry/api": "^0.6.1",
        "tslib": "^1.10.0"
      }
    },
    "@azure/core-http": {
      "version": "1.1.3",
      "resolved": "https://registry.npmjs.org/@azure/core-http/-/core-http-1.1.3.tgz",
      "integrity": "sha512-GysW3+BRVV4L9cs3GsuCbnlyibrQU6hh5mcJ7hlnk7tdUBzWybUvJ8/P/nHX49PgwRmi81pD5v1ht2jF0IzxAQ==",
      "requires": {
        "@azure/abort-controller": "^1.0.0",
        "@azure/core-auth": "^1.1.2",
        "@azure/core-tracing": "1.0.0-preview.8",
        "@azure/logger": "^1.0.0",
        "@opentelemetry/api": "^0.6.1",
        "@types/node-fetch": "^2.5.0",
        "@types/tunnel": "^0.0.1",
        "form-data": "^3.0.0",
        "node-fetch": "^2.6.0",
        "process": "^0.11.10",
        "tough-cookie": "^4.0.0",
        "tslib": "^1.10.0",
        "tunnel": "^0.0.6",
        "uuid": "^8.1.0",
        "xml2js": "^0.4.19"
      }
    },
    "@azure/core-lro": {
      "version": "1.0.2",
      "resolved": "https://registry.npmjs.org/@azure/core-lro/-/core-lro-1.0.2.tgz",
      "integrity": "sha512-Yr0JD7GKryOmbcb5wHCQoQ4KCcH5QJWRNorofid+UvudLaxnbCfvKh/cUfQsGUqRjO9L/Bw4X7FP824DcHdMxw==",
      "requires": {
        "@azure/abort-controller": "^1.0.0",
        "@azure/core-http": "^1.1.1",
        "events": "^3.0.0",
        "tslib": "^1.10.0"
      }
    },
    "@azure/core-paging": {
      "version": "1.1.1",
      "resolved": "https://registry.npmjs.org/@azure/core-paging/-/core-paging-1.1.1.tgz",
      "integrity": "sha512-hqEJBEGKan4YdOaL9ZG/GRG6PXaFd/Wb3SSjQW4LWotZzgl6xqG00h6wmkrpd2NNkbBkD1erLHBO3lPHApv+iQ==",
      "requires": {
        "@azure/core-asynciterator-polyfill": "^1.0.0"
      }
    },
    "@azure/core-tracing": {
      "version": "1.0.0-preview.8",
      "resolved": "https://registry.npmjs.org/@azure/core-tracing/-/core-tracing-1.0.0-preview.8.tgz",
      "integrity": "sha512-ZKUpCd7Dlyfn7bdc+/zC/sf0aRIaNQMDuSj2RhYRFe3p70hVAnYGp3TX4cnG2yoEALp/LTj/XnZGQ8Xzf6Ja/Q==",
      "requires": {
        "@opencensus/web-types": "0.0.7",
        "@opentelemetry/api": "^0.6.1",
        "tslib": "^1.10.0"
      }
    },
    "@azure/logger": {
      "version": "1.0.0",
      "resolved": "https://registry.npmjs.org/@azure/logger/-/logger-1.0.0.tgz",
      "integrity": "sha512-g2qLDgvmhyIxR3JVS8N67CyIOeFRKQlX/llxYJQr1OSGQqM3HTpVP8MjmjcEKbL/OIt2N9C9UFaNQuKOw1laOA==",
      "requires": {
        "tslib": "^1.9.3"
      }
    },
    "@azure/storage-blob": {
      "version": "12.1.2",
      "resolved": "https://registry.npmjs.org/@azure/storage-blob/-/storage-blob-12.1.2.tgz",
      "integrity": "sha512-PCHgG4r3xLt5FaFj+uiMqrRpuzD3TD17cvxCeA1JKK2bJEf8b07H3QRLQVf0DM1MmvYY8FgQagkWZTp+jr9yew==",
      "requires": {
        "@azure/abort-controller": "^1.0.0",
        "@azure/core-http": "^1.1.1",
        "@azure/core-lro": "^1.0.2",
        "@azure/core-paging": "^1.1.1",
        "@azure/core-tracing": "1.0.0-preview.8",
        "@azure/logger": "^1.0.0",
        "@opentelemetry/api": "^0.6.1",
        "events": "^3.0.0",
        "tslib": "^1.10.0"
      }
    },
    "@azure/storage-file-share": {
      "version": "12.1.2",
      "resolved": "https://registry.npmjs.org/@azure/storage-file-share/-/storage-file-share-12.1.2.tgz",
      "integrity": "sha512-Y3bsQ5bYq3j7Pf7W6GnnfP1evySI+Ah2wIkLEkqqB2aeQBOJhzOuEMUmgEXLatlcFeuDExnRWCxKramKqg21qg==",
      "requires": {
        "@azure/abort-controller": "^1.0.0",
        "@azure/core-http": "^1.1.1",
        "@azure/core-paging": "^1.1.1",
        "@azure/core-tracing": "1.0.0-preview.8",
        "@azure/logger": "^1.0.0",
        "@opentelemetry/api": "^0.6.1",
        "events": "^3.0.0",
        "tslib": "^1.10.0"
      }
    },
    "@opencensus/web-types": {
      "version": "0.0.7",
      "resolved": "https://registry.npmjs.org/@opencensus/web-types/-/web-types-0.0.7.tgz",
      "integrity": "sha512-xB+w7ZDAu3YBzqH44rCmG9/RlrOmFuDPt/bpf17eJr8eZSrLt7nc7LnWdxM9Mmoj/YKMHpxRg28txu3TcpiL+g=="
    },
    "@opentelemetry/api": {
      "version": "0.6.1",
      "resolved": "https://registry.npmjs.org/@opentelemetry/api/-/api-0.6.1.tgz",
      "integrity": "sha512-wpufGZa7tTxw7eAsjXJtiyIQ42IWQdX9iUQp7ACJcKo1hCtuhLU+K2Nv1U6oRwT1oAlZTE6m4CgWKZBhOiau3Q==",
      "requires": {
        "@opentelemetry/context-base": "^0.6.1"
      }
    },
    "@opentelemetry/context-base": {
      "version": "0.6.1",
      "resolved": "https://registry.npmjs.org/@opentelemetry/context-base/-/context-base-0.6.1.tgz",
      "integrity": "sha512-5bHhlTBBq82ti3qPT15TRxkYTFPPQWbnkkQkmHPtqiS1XcTB69cEKd3Jm7Cfi/vkPoyxapmePE9tyA7EzLt8SQ=="
    },
    "@types/color-name": {
      "version": "1.1.1",
      "resolved": "https://registry.npmjs.org/@types/color-name/-/color-name-1.1.1.tgz",
      "integrity": "sha512-rr+OQyAjxze7GgWrSaJwydHStIhHq2lvY3BOC2Mj7KnzI7XK0Uw1TOOdI9lDoajEbSWLiYgoo4f1R51erQfhPQ=="
    },
    "@types/node": {
      "version": "14.0.13",
      "resolved": "https://registry.npmjs.org/@types/node/-/node-14.0.13.tgz",
      "integrity": "sha512-rouEWBImiRaSJsVA+ITTFM6ZxibuAlTuNOCyxVbwreu6k6+ujs7DfnU9o+PShFhET78pMBl3eH+AGSI5eOTkPA=="
    },
    "@types/node-fetch": {
      "version": "2.5.7",
      "resolved": "https://registry.npmjs.org/@types/node-fetch/-/node-fetch-2.5.7.tgz",
      "integrity": "sha512-o2WVNf5UhWRkxlf6eq+jMZDu7kjgpgJfl4xVNlvryc95O/6F2ld8ztKX+qu+Rjyet93WAWm5LjeX9H5FGkODvw==",
      "requires": {
        "@types/node": "*",
        "form-data": "^3.0.0"
      }
    },
    "@types/tunnel": {
      "version": "0.0.1",
      "resolved": "https://registry.npmjs.org/@types/tunnel/-/tunnel-0.0.1.tgz",
      "integrity": "sha512-AOqu6bQu5MSWwYvehMXLukFHnupHrpZ8nvgae5Ggie9UwzDR1CCwoXgSSWNZJuyOlCdfdsWMA5F2LlmvyoTv8A==",
      "requires": {
        "@types/node": "*"
      }
    },
    "ansi-styles": {
      "version": "4.2.1",
      "resolved": "https://registry.npmjs.org/ansi-styles/-/ansi-styles-4.2.1.tgz",
      "integrity": "sha512-9VGjrMsG1vePxcSweQsN20KY/c4zN0h9fLjqAbwbPfahM3t+NL+M9HC8xeXG2I8pX5NoamTGNuomEUFI7fcUjA==",
      "requires": {
        "@types/color-name": "^1.1.1",
        "color-convert": "^2.0.1"
      }
    },
    "ansicolors": {
      "version": "0.3.2",
      "resolved": "https://registry.npmjs.org/ansicolors/-/ansicolors-0.3.2.tgz",
      "integrity": "sha1-ZlWX3oap/+Oqm/vmyuXG6kJrSXk="
    },
    "asynckit": {
      "version": "0.4.0",
      "resolved": "https://registry.npmjs.org/asynckit/-/asynckit-0.4.0.tgz",
      "integrity": "sha1-x57Zf380y48robyXkLzDZkdLS3k="
    },
    "bignumber.js": {
      "version": "9.0.0",
      "resolved": "https://registry.npmjs.org/bignumber.js/-/bignumber.js-9.0.0.tgz",
      "integrity": "sha512-t/OYhhJ2SD+YGBQcjY8GzzDHEk9f3nerxjtfa6tlMXfe7frs/WozhvCNoGvpM0P3bNf3Gq5ZRMlGr5f3r4/N8A==",
      "dev": true
    },
    "bl": {
      "version": "2.2.0",
      "resolved": "https://registry.npmjs.org/bl/-/bl-2.2.0.tgz",
      "integrity": "sha512-wbgvOpqopSr7uq6fJrLH8EsvYMJf9gzfo2jCsL2eTy75qXPukA4pCgHamOQkZtY5vmfVtjB+P3LNlMHW5CEZXA==",
      "requires": {
        "readable-stream": "^2.3.5",
        "safe-buffer": "^5.1.1"
      }
    },
    "bluebird": {
      "version": "3.7.2",
      "resolved": "https://registry.npmjs.org/bluebird/-/bluebird-3.7.2.tgz",
      "integrity": "sha512-XpNj6GDQzdfW+r2Wnn7xiSAd7TM3jzkxGXBGTtWKuSXv1xUV+azxAm8jdWZN06QTQk+2N2XB9jRDkvbmQmcRtg=="
    },
    "bson": {
      "version": "1.1.4",
      "resolved": "https://registry.npmjs.org/bson/-/bson-1.1.4.tgz",
      "integrity": "sha512-S/yKGU1syOMzO86+dGpg2qGoDL0zvzcb262G+gqEy6TgP6rt6z6qxSFX/8X6vLC91P7G7C3nLs0+bvDzmvBA3Q=="
    },
    "cardinal": {
      "version": "2.1.1",
      "resolved": "https://registry.npmjs.org/cardinal/-/cardinal-2.1.1.tgz",
      "integrity": "sha1-fMEFXYItISlU0HsIXeolHMe8VQU=",
      "requires": {
        "ansicolors": "~0.3.2",
        "redeyed": "~2.1.0"
      }
    },
    "chalk": {
      "version": "4.1.0",
      "resolved": "https://registry.npmjs.org/chalk/-/chalk-4.1.0.tgz",
      "integrity": "sha512-qwx12AxXe2Q5xQ43Ac//I6v5aXTipYrSESdOgzrN+9XjgEpyjpKuvSGaN4qE93f7TQTlerQQ8S+EQ0EyDoVL1A==",
      "requires": {
        "ansi-styles": "^4.1.0",
        "supports-color": "^7.1.0"
      }
    },
    "color-convert": {
      "version": "2.0.1",
      "resolved": "https://registry.npmjs.org/color-convert/-/color-convert-2.0.1.tgz",
      "integrity": "sha512-RRECPsj7iu/xb5oKYcsFHSppFNnsj/52OVTRKb4zP5onXwVF3zVmmToNcOfGC+CRDpfK/U584fMg38ZHCaElKQ==",
      "requires": {
        "color-name": "~1.1.4"
      }
    },
    "color-name": {
      "version": "1.1.4",
      "resolved": "https://registry.npmjs.org/color-name/-/color-name-1.1.4.tgz",
      "integrity": "sha512-dOy+3AuW3a2wNbZHIuMZpTcgjGuLU/uBL/ubcZF9OXbDo8ff4O8yVp5Bf0efS8uEoYo5q4Fx7dY9OgQGXgAsQA=="
    },
    "combined-stream": {
      "version": "1.0.8",
      "resolved": "https://registry.npmjs.org/combined-stream/-/combined-stream-1.0.8.tgz",
      "integrity": "sha512-FQN4MRfuJeHf7cBbBMJFXhKSDq+2kAArBlmRBvcvFE5BB1HZKXtSFASDhdlz9zOYwxh8lDdnvmMOe/+5cdoEdg==",
      "requires": {
        "delayed-stream": "~1.0.0"
      }
    },
    "core-util-is": {
      "version": "1.0.2",
      "resolved": "https://registry.npmjs.org/core-util-is/-/core-util-is-1.0.2.tgz",
      "integrity": "sha1-tf1UIgqivFq1eqtxQMlAdUUDwac="
    },
    "debug": {
      "version": "3.1.0",
      "resolved": "https://registry.npmjs.org/debug/-/debug-3.1.0.tgz",
      "integrity": "sha512-OX8XqP7/1a9cqkxYw2yXss15f26NKWBpDXQd0/uK/KPqdQhxbPa994hnzjcE2VqQpDslf55723cKPUOGSmMY3g==",
      "requires": {
        "ms": "2.0.0"
      },
      "dependencies": {
        "ms": {
          "version": "2.0.0",
          "resolved": "https://registry.npmjs.org/ms/-/ms-2.0.0.tgz",
          "integrity": "sha1-VgiurfwAvmwpAd9fmGF4jeDVl8g="
        }
      }
    },
    "deepmerge": {
      "version": "3.3.0",
      "resolved": "https://registry.npmjs.org/deepmerge/-/deepmerge-3.3.0.tgz",
      "integrity": "sha512-GRQOafGHwMHpjPx9iCvTgpu9NojZ49q794EEL94JVEw6VaeA8XTUyBKvAkOOjBX9oJNiV6G3P+T+tihFjo2TqA=="
    },
    "delayed-stream": {
      "version": "1.0.0",
      "resolved": "https://registry.npmjs.org/delayed-stream/-/delayed-stream-1.0.0.tgz",
      "integrity": "sha1-3zrhmayt+31ECqrgsp4icrJOxhk="
    },
    "denque": {
      "version": "1.4.1",
      "resolved": "https://registry.npmjs.org/denque/-/denque-1.4.1.tgz",
      "integrity": "sha512-OfzPuSZKGcgr96rf1oODnfjqBFmr1DVoc/TrItj3Ohe0Ah1C5WX5Baquw/9U9KovnQ88EqmJbD66rKYUQYN1tQ=="
    },
    "esprima": {
      "version": "4.0.1",
      "resolved": "https://registry.npmjs.org/esprima/-/esprima-4.0.1.tgz",
      "integrity": "sha512-eGuFFw7Upda+g4p+QHvnW0RyTX/SVeJBDM/gCtMARO0cLuT2HcEKnTPvhjV6aGeqrCB/sbNop0Kszm0jsaWU4A=="
    },
    "events": {
      "version": "3.1.0",
      "resolved": "https://registry.npmjs.org/events/-/events-3.1.0.tgz",
      "integrity": "sha512-Rv+u8MLHNOdMjTAFeT3nCjHn2aGlx435FP/sDHNaRhDEMwyI/aB22Kj2qIN8R0cw3z28psEQLYwxVKLsKrMgWg=="
    },
    "file-size": {
      "version": "1.0.0",
      "resolved": "https://registry.npmjs.org/file-size/-/file-size-1.0.0.tgz",
      "integrity": "sha1-MzgmfV0ga79g9N9gwZ1+04E6Rlc="
    },
    "form-data": {
      "version": "3.0.0",
      "resolved": "https://registry.npmjs.org/form-data/-/form-data-3.0.0.tgz",
      "integrity": "sha512-CKMFDglpbMi6PyN+brwB9Q/GOw0eAnsrEZDgcsH5Krhz5Od/haKHAX0NmQfha2zPPz0JpWzA7GJHGSnvCRLWsg==",
      "requires": {
        "asynckit": "^0.4.0",
        "combined-stream": "^1.0.8",
        "mime-types": "^2.1.12"
      }
    },
    "from2": {
      "version": "2.3.0",
      "resolved": "https://registry.npmjs.org/from2/-/from2-2.3.0.tgz",
      "integrity": "sha1-i/tVAr3kpNNs/e6gB/zKIdfjgq8=",
      "requires": {
        "inherits": "^2.0.1",
        "readable-stream": "^2.0.0"
      }
    },
    "generate-function": {
      "version": "2.3.1",
      "resolved": "https://registry.npmjs.org/generate-function/-/generate-function-2.3.1.tgz",
      "integrity": "sha512-eeB5GfMNeevm/GRYq20ShmsaGcmI81kIX2K9XQx5miC8KdHaC6Jm0qQ8ZNeGOi7wYB8OsdxKs+Y2oVuTFuVwKQ==",
      "requires": {
        "is-property": "^1.0.2"
      }
    },
    "has-flag": {
      "version": "4.0.0",
      "resolved": "https://registry.npmjs.org/has-flag/-/has-flag-4.0.0.tgz",
      "integrity": "sha512-EykJT/Q1KjTWctppgIAgfSO0tKVuZUjhgMr17kqTumMl6Afv3EISleU7qZUzoXDFTAHTDC4NOoG/ZxU3EvlMPQ=="
    },
    "iconv-lite": {
      "version": "0.5.2",
      "resolved": "https://registry.npmjs.org/iconv-lite/-/iconv-lite-0.5.2.tgz",
      "integrity": "sha512-kERHXvpSaB4aU3eANwidg79K8FlrN77m8G9V+0vOR3HYaRifrlwMEpT7ZBJqLSEIHnEgJTHcWK82wwLwwKwtag==",
      "requires": {
        "safer-buffer": ">= 2.1.2 < 3"
      }
    },
    "inherits": {
      "version": "2.0.4",
      "resolved": "https://registry.npmjs.org/inherits/-/inherits-2.0.4.tgz",
      "integrity": "sha512-k/vGaX4/Yla3WzyMCvTQOXYeIHvqOKtnqBduzTHpzpQZzAskKMhZ2K+EnBiSM9zGSoIFeMpXKxa4dYeZIQqewQ=="
    },
    "into-stream": {
      "version": "5.1.1",
      "resolved": "https://registry.npmjs.org/into-stream/-/into-stream-5.1.1.tgz",
      "integrity": "sha512-krrAJ7McQxGGmvaYbB7Q1mcA+cRwg9Ij2RfWIeVesNBgVDZmzY/Fa4IpZUT3bmdRzMzdf/mzltCG2Dq99IZGBA==",
      "requires": {
        "from2": "^2.3.0",
        "p-is-promise": "^3.0.0"
      }
    },
    "is-property": {
      "version": "1.0.2",
      "resolved": "https://registry.npmjs.org/is-property/-/is-property-1.0.2.tgz",
      "integrity": "sha1-V/4cTkhHTt1lsJkR8msc1Ald2oQ="
    },
    "isarray": {
      "version": "1.0.0",
      "resolved": "https://registry.npmjs.org/isarray/-/isarray-1.0.0.tgz",
      "integrity": "sha1-u5NdSFgsuhaMBoNJV6VKPgcSTxE="
    },
    "kareem": {
      "version": "2.3.1",
      "resolved": "https://registry.npmjs.org/kareem/-/kareem-2.3.1.tgz",
      "integrity": "sha512-l3hLhffs9zqoDe8zjmb/mAN4B8VT3L56EUvKNqLFVs9YlFA+zx7ke1DO8STAdDyYNkeSo1nKmjuvQeI12So8Xw=="
    },
    "lodash": {
      "version": "4.17.15",
      "resolved": "https://registry.npmjs.org/lodash/-/lodash-4.17.15.tgz",
      "integrity": "sha512-8xOcRHvCjnocdS5cpwXQXVzmmh5e5+saE2QGoeQmbKmRS6J3VQppPOIt0MnmE+4xlZoumy0GPG0D0MVIQbNA1A=="
    },
    "long": {
      "version": "4.0.0",
      "resolved": "https://registry.npmjs.org/long/-/long-4.0.0.tgz",
      "integrity": "sha512-XsP+KhQif4bjX1kbuSiySJFNAehNxgLb6hPRGJ9QsUr8ajHkuXGdrHmFUTUUXhDwVX2R5bY4JNZEwbUiMhV+MA=="
    },
    "lru-cache": {
      "version": "5.1.1",
      "resolved": "https://registry.npmjs.org/lru-cache/-/lru-cache-5.1.1.tgz",
      "integrity": "sha512-KpNARQA3Iwv+jTA0utUVVbrh+Jlrr1Fv0e56GGzAFOXN7dk/FviaDW8LHmK52DlcH4WP2n6gI8vN1aesBFgo9w==",
      "requires": {
        "yallist": "^3.0.2"
      }
    },
    "memory-pager": {
      "version": "1.5.0",
      "resolved": "https://registry.npmjs.org/memory-pager/-/memory-pager-1.5.0.tgz",
      "integrity": "sha512-ZS4Bp4r/Zoeq6+NLJpP+0Zzm0pR8whtGPf1XExKLJBAczGMnSi3It14OiNCStjQjM6NU1okjQGSxgEZN8eBYKg==",
      "optional": true
    },
    "mime-db": {
      "version": "1.44.0",
      "resolved": "https://registry.npmjs.org/mime-db/-/mime-db-1.44.0.tgz",
      "integrity": "sha512-/NOTfLrsPBVeH7YtFPgsVWveuL+4SjjYxaQ1xtM1KMFj7HdxlBlxeyNLzhyJVx7r4rZGJAZ/6lkKCitSc/Nmpg=="
    },
    "mime-types": {
      "version": "2.1.27",
      "resolved": "https://registry.npmjs.org/mime-types/-/mime-types-2.1.27.tgz",
      "integrity": "sha512-JIhqnCasI9yD+SsmkquHBxTSEuZdQX5BuQnS2Vc7puQQQ+8yiP5AY5uWhpdv4YL4VM5c6iliiYWPgJ/nJQLp7w==",
      "requires": {
        "mime-db": "1.44.0"
      }
    },
    "moment": {
      "version": "2.29.4",
      "resolved": "https://registry.npmjs.org/moment/-/moment-2.29.4.tgz",
      "integrity": "sha512-5LC9SOxjSc2HF6vO2CyuTDNivEdoz2IvyJJGj6X8DJ0eFyfszE0QiEd+iXmBvUP3WHxSjFH/vIsA0EN00cgr8w=="
    },
    "mongodb": {
      "version": "3.5.9",
      "resolved": "https://registry.npmjs.org/mongodb/-/mongodb-3.5.9.tgz",
      "integrity": "sha512-vXHBY1CsGYcEPoVWhwgxIBeWqP3dSu9RuRDsoLRPTITrcrgm1f0Ubu1xqF9ozMwv53agmEiZm0YGo+7WL3Nbug==",
      "requires": {
        "bl": "^2.2.0",
        "bson": "^1.1.4",
        "denque": "^1.4.1",
        "require_optional": "^1.0.1",
        "safe-buffer": "^5.1.2",
        "saslprep": "^1.0.0"
      }
    },
    "mongoose": {
      "version": "5.9.19",
      "resolved": "https://registry.npmjs.org/mongoose/-/mongoose-5.9.19.tgz",
      "integrity": "sha512-wJ5FR2ykvyd17MRHA6sku/N1CMaC/kf4CnN357htD48RpzJhW60YDkxPSPLbkLg8Woa+i7jYi0glhzC0EcBcRQ==",
      "requires": {
        "bson": "^1.1.4",
        "kareem": "2.3.1",
        "mongodb": "3.5.9",
        "mongoose-legacy-pluralize": "1.0.2",
        "mpath": "0.7.0",
        "mquery": "3.2.2",
        "ms": "2.1.2",
        "regexp-clone": "1.0.0",
        "safe-buffer": "5.1.2",
        "sift": "7.0.1",
        "sliced": "1.0.1"
      }
    },
    "mongoose-legacy-pluralize": {
      "version": "1.0.2",
      "resolved": "https://registry.npmjs.org/mongoose-legacy-pluralize/-/mongoose-legacy-pluralize-1.0.2.tgz",
      "integrity": "sha512-Yo/7qQU4/EyIS8YDFSeenIvXxZN+ld7YdV9LqFVQJzTLye8unujAWPZ4NWKfFA+RNjh+wvTWKY9Z3E5XM6ZZiQ=="
    },
    "mpath": {
      "version": "0.7.0",
      "resolved": "https://registry.npmjs.org/mpath/-/mpath-0.7.0.tgz",
      "integrity": "sha512-Aiq04hILxhz1L+f7sjGyn7IxYzWm1zLNNXcfhDtx04kZ2Gk7uvFdgZ8ts1cWa/6d0TQmag2yR8zSGZUmp0tFNg=="
    },
    "mquery": {
      "version": "3.2.2",
      "resolved": "https://registry.npmjs.org/mquery/-/mquery-3.2.2.tgz",
      "integrity": "sha512-XB52992COp0KP230I3qloVUbkLUxJIu328HBP2t2EsxSFtf4W1HPSOBWOXf1bqxK4Xbb66lfMJ+Bpfd9/yZE1Q==",
      "requires": {
        "bluebird": "3.5.1",
        "debug": "3.1.0",
        "regexp-clone": "^1.0.0",
        "safe-buffer": "5.1.2",
        "sliced": "1.0.1"
      },
      "dependencies": {
        "bluebird": {
          "version": "3.5.1",
          "resolved": "https://registry.npmjs.org/bluebird/-/bluebird-3.5.1.tgz",
          "integrity": "sha512-MKiLiV+I1AA596t9w1sQJ8jkiSr5+ZKi0WKrYGUn6d1Fx+Ij4tIj+m2WMQSGczs5jZVxV339chE8iwk6F64wjA=="
        }
      }
    },
    "ms": {
      "version": "2.1.2",
      "resolved": "https://registry.npmjs.org/ms/-/ms-2.1.2.tgz",
      "integrity": "sha512-sGkPx+VjMtmA6MX27oA4FBFELFCZZ4S4XqeGOXCv68tT+jb3vk/RyaKWP0PTKyWtmLSM0b+adUTEvbs1PEaH2w=="
    },
    "mysql": {
      "version": "2.18.1",
      "resolved": "https://registry.npmjs.org/mysql/-/mysql-2.18.1.tgz",
      "integrity": "sha512-Bca+gk2YWmqp2Uf6k5NFEurwY/0td0cpebAucFpY/3jhrwrVGuxU2uQFCHjU19SJfje0yQvi+rVWdq78hR5lig==",
      "dev": true,
      "requires": {
        "bignumber.js": "9.0.0",
        "readable-stream": "2.3.7",
        "safe-buffer": "5.1.2",
        "sqlstring": "2.3.1"
      },
      "dependencies": {
        "sqlstring": {
          "version": "2.3.1",
          "resolved": "https://registry.npmjs.org/sqlstring/-/sqlstring-2.3.1.tgz",
          "integrity": "sha1-R1OT/56RR5rqYtyvDKPRSYOn+0A=",
          "dev": true
        }
      }
    },
    "mysql-import": {
      "version": "4.0.24",
      "resolved": "https://registry.npmjs.org/mysql-import/-/mysql-import-4.0.24.tgz",
      "integrity": "sha512-yN/ovvg+6mG1XtxUXRSD5JHbFWtzpQJ6f/gMVpLg+K4TOUmlbdeHwrb1TjfAwzju7hQMi9BUvJt9yUzOYvBMWQ==",
      "dev": true,
      "requires": {
        "mysql": "^2.18.1"
      }
    },
    "mysql2": {
      "version": "2.1.0",
      "resolved": "https://registry.npmjs.org/mysql2/-/mysql2-2.1.0.tgz",
      "integrity": "sha512-9kGVyi930rG2KaHrz3sHwtc6K+GY9d8wWk1XRSYxQiunvGcn4DwuZxOwmK11ftuhhwrYDwGx9Ta4VBwznJn36A==",
      "requires": {
        "cardinal": "^2.1.1",
        "denque": "^1.4.1",
        "generate-function": "^2.3.1",
        "iconv-lite": "^0.5.0",
        "long": "^4.0.0",
        "lru-cache": "^5.1.1",
        "named-placeholders": "^1.1.2",
        "seq-queue": "^0.0.5",
        "sqlstring": "^2.3.1"
      }
    },
    "mysqldump": {
      "version": "3.2.0",
      "resolved": "https://registry.npmjs.org/mysqldump/-/mysqldump-3.2.0.tgz",
      "integrity": "sha512-hS4jUk23BT+qZEwp668eGwyFhmsDFHkIDYANLFeNXlvPK1AhOMLV+SGoKpAk8290sUhtUAIG16R3YrNhHmZ+zQ==",
      "requires": {
        "deepmerge": "^3.2.0",
        "mysql2": "^2.1.0",
        "sql-formatter": "^2.3.2",
        "sqlstring": "^2.3.1"
      }
    },
    "named-placeholders": {
      "version": "1.1.2",
      "resolved": "https://registry.npmjs.org/named-placeholders/-/named-placeholders-1.1.2.tgz",
      "integrity": "sha512-wiFWqxoLL3PGVReSZpjLVxyJ1bRqe+KKJVbr4hGs1KWfTZTQyezHFBbuKj9hsizHyGV2ne7EMjHdxEGAybD5SA==",
      "requires": {
        "lru-cache": "^4.1.3"
      },
      "dependencies": {
        "lru-cache": {
          "version": "4.1.5",
          "resolved": "https://registry.npmjs.org/lru-cache/-/lru-cache-4.1.5.tgz",
          "integrity": "sha512-sWZlbEP2OsHNkXrMl5GYk/jKk70MBng6UU4YI/qGDYbgf6YbP4EvmqISbXCoJiRKs+1bSpFHVgQxvJ17F2li5g==",
          "requires": {
            "pseudomap": "^1.0.2",
            "yallist": "^2.1.2"
          }
        },
        "yallist": {
          "version": "2.1.2",
          "resolved": "https://registry.npmjs.org/yallist/-/yallist-2.1.2.tgz",
          "integrity": "sha1-HBH5IY8HYImkfdUS+TxmmaaoHVI="
        }
      }
    },
    "node-cron": {
      "version": "2.0.3",
      "resolved": "https://registry.npmjs.org/node-cron/-/node-cron-2.0.3.tgz",
      "integrity": "sha512-eJI+QitXlwcgiZwNNSRbqsjeZMp5shyajMR81RZCqeW0ZDEj4zU9tpd4nTh/1JsBiKbF8d08FCewiipDmVIYjg==",
      "requires": {
        "opencollective-postinstall": "^2.0.0",
        "tz-offset": "0.0.1"
      }
    },
    "node-fetch": {
      "version": "2.6.0",
      "resolved": "https://registry.npmjs.org/node-fetch/-/node-fetch-2.6.0.tgz",
      "integrity": "sha512-8dG4H5ujfvFiqDmVu9fQ5bOHUC15JMjMY/Zumv26oOvvVJjM67KF8koCWIabKQ1GJIa9r2mMZscBq/TbdOcmNA=="
    },
    "opencollective-postinstall": {
      "version": "2.0.3",
      "resolved": "https://registry.npmjs.org/opencollective-postinstall/-/opencollective-postinstall-2.0.3.tgz",
      "integrity": "sha512-8AV/sCtuzUeTo8gQK5qDZzARrulB3egtLzFgteqB2tcT4Mw7B8Kt7JcDHmltjz6FOAHsvTevk70gZEbhM4ZS9Q=="
    },
    "p-is-promise": {
      "version": "3.0.0",
      "resolved": "https://registry.npmjs.org/p-is-promise/-/p-is-promise-3.0.0.tgz",
      "integrity": "sha512-Wo8VsW4IRQSKVXsJCn7TomUaVtyfjVDn3nUP7kE967BQk0CwFpdbZs0X0uk5sW9mkBa9eNM7hCMaG93WUAwxYQ=="
    },
    "process": {
      "version": "0.11.10",
      "resolved": "https://registry.npmjs.org/process/-/process-0.11.10.tgz",
      "integrity": "sha1-czIwDoQBYb2j5podHZGn1LwW8YI="
    },
    "process-nextick-args": {
      "version": "2.0.1",
      "resolved": "https://registry.npmjs.org/process-nextick-args/-/process-nextick-args-2.0.1.tgz",
      "integrity": "sha512-3ouUOpQhtgrbOa17J7+uxOTpITYWaGP7/AhoR3+A+/1e9skrzelGi/dXzEYyvbxubEF6Wn2ypscTKiKJFFn1ag=="
    },
    "pseudomap": {
      "version": "1.0.2",
      "resolved": "https://registry.npmjs.org/pseudomap/-/pseudomap-1.0.2.tgz",
      "integrity": "sha1-8FKijacOYYkX7wqKw0wa5aaChrM="
    },
    "psl": {
      "version": "1.8.0",
      "resolved": "https://registry.npmjs.org/psl/-/psl-1.8.0.tgz",
      "integrity": "sha512-RIdOzyoavK+hA18OGGWDqUTsCLhtA7IcZ/6NCs4fFJaHBDab+pDDmDIByWFRQJq2Cd7r1OoQxBGKOaztq+hjIQ=="
    },
    "punycode": {
      "version": "2.1.1",
      "resolved": "https://registry.npmjs.org/punycode/-/punycode-2.1.1.tgz",
      "integrity": "sha512-XRsRjdf+j5ml+y/6GKHPZbrF/8p2Yga0JPtdqTIY2Xe5ohJPD9saDJJLPvp9+NSBprVvevdXZybnj2cv8OEd0A=="
    },
    "readable-stream": {
      "version": "2.3.7",
      "resolved": "https://registry.npmjs.org/readable-stream/-/readable-stream-2.3.7.tgz",
      "integrity": "sha512-Ebho8K4jIbHAxnuxi7o42OrZgF/ZTNcsZj6nRKyUmkhLFq8CHItp/fy6hQZuZmP/n3yZ9VBUbp4zz/mX8hmYPw==",
      "requires": {
        "core-util-is": "~1.0.0",
        "inherits": "~2.0.3",
        "isarray": "~1.0.0",
        "process-nextick-args": "~2.0.0",
        "safe-buffer": "~5.1.1",
        "string_decoder": "~1.1.1",
        "util-deprecate": "~1.0.1"
      }
    },
    "redeyed": {
      "version": "2.1.1",
      "resolved": "https://registry.npmjs.org/redeyed/-/redeyed-2.1.1.tgz",
      "integrity": "sha1-iYS1gV2ZyyIEacme7v/jiRPmzAs=",
      "requires": {
        "esprima": "~4.0.0"
      }
    },
    "regexp-clone": {
      "version": "1.0.0",
      "resolved": "https://registry.npmjs.org/regexp-clone/-/regexp-clone-1.0.0.tgz",
      "integrity": "sha512-TuAasHQNamyyJ2hb97IuBEif4qBHGjPHBS64sZwytpLEqtBQ1gPJTnOaQ6qmpET16cK14kkjbazl6+p0RRv0yw=="
    },
    "require_optional": {
      "version": "1.0.1",
      "resolved": "https://registry.npmjs.org/require_optional/-/require_optional-1.0.1.tgz",
      "integrity": "sha512-qhM/y57enGWHAe3v/NcwML6a3/vfESLe/sGM2dII+gEO0BpKRUkWZow/tyloNqJyN6kXSl3RyyM8Ll5D/sJP8g==",
      "requires": {
        "resolve-from": "^2.0.0",
        "semver": "^5.1.0"
      }
    },
    "resolve-from": {
      "version": "2.0.0",
      "resolved": "https://registry.npmjs.org/resolve-from/-/resolve-from-2.0.0.tgz",
      "integrity": "sha1-lICrIOlP+h2egKgEx+oUdhGWa1c="
    },
    "safe-buffer": {
      "version": "5.1.2",
      "resolved": "https://registry.npmjs.org/safe-buffer/-/safe-buffer-5.1.2.tgz",
      "integrity": "sha512-Gd2UZBJDkXlY7GbJxfsE8/nvKkUEU1G38c1siN6QP6a9PT9MmHB8GnpscSmMJSoF8LOIrt8ud/wPtojys4G6+g=="
    },
    "safer-buffer": {
      "version": "2.1.2",
      "resolved": "https://registry.npmjs.org/safer-buffer/-/safer-buffer-2.1.2.tgz",
      "integrity": "sha512-YZo3K82SD7Riyi0E1EQPojLz7kpepnSQI9IyPbHHg1XXXevb5dJI7tpyN2ADxGcQbHG7vcyRHk0cbwqcQriUtg=="
    },
    "saslprep": {
      "version": "1.0.3",
      "resolved": "https://registry.npmjs.org/saslprep/-/saslprep-1.0.3.tgz",
      "integrity": "sha512-/MY/PEMbk2SuY5sScONwhUDsV2p77Znkb/q3nSVstq/yQzYJOH/Azh29p9oJLsl3LnQwSvZDKagDGBsBwSooag==",
      "optional": true,
      "requires": {
        "sparse-bitfield": "^3.0.3"
      }
    },
    "sax": {
      "version": "1.2.4",
      "resolved": "https://registry.npmjs.org/sax/-/sax-1.2.4.tgz",
      "integrity": "sha512-NqVDv9TpANUjFm0N8uM5GxL36UgKi9/atZw+x7YFnQ8ckwFGKrl4xX4yWtrey3UJm5nP1kUbnYgLopqWNSRhWw=="
    },
    "semver": {
      "version": "5.7.1",
      "resolved": "https://registry.npmjs.org/semver/-/semver-5.7.1.tgz",
      "integrity": "sha512-sauaDf/PZdVgrLTNYHRtpXa1iRiKcaebiKQ1BJdpQlWH2lCvexQdX55snPFyK7QzpudqbCI0qXFfOasHdyNDGQ=="
    },
    "seq-queue": {
      "version": "0.0.5",
      "resolved": "https://registry.npmjs.org/seq-queue/-/seq-queue-0.0.5.tgz",
      "integrity": "sha1-1WgS4cAXpuTnw+Ojeh2m143TyT4="
    },
    "sift": {
      "version": "7.0.1",
      "resolved": "https://registry.npmjs.org/sift/-/sift-7.0.1.tgz",
      "integrity": "sha512-oqD7PMJ+uO6jV9EQCl0LrRw1OwsiPsiFQR5AR30heR+4Dl7jBBbDLnNvWiak20tzZlSE1H7RB30SX/1j/YYT7g=="
    },
    "sliced": {
      "version": "1.0.1",
      "resolved": "https://registry.npmjs.org/sliced/-/sliced-1.0.1.tgz",
      "integrity": "sha1-CzpmK10Ewxd7GSa+qCsD+Dei70E="
    },
    "sparse-bitfield": {
      "version": "3.0.3",
      "resolved": "https://registry.npmjs.org/sparse-bitfield/-/sparse-bitfield-3.0.3.tgz",
      "integrity": "sha1-/0rm5oZWBWuks+eSqzM004JzyhE=",
      "optional": true,
      "requires": {
        "memory-pager": "^1.0.2"
      }
    },
    "sql-formatter": {
      "version": "2.3.3",
      "resolved": "https://registry.npmjs.org/sql-formatter/-/sql-formatter-2.3.3.tgz",
      "integrity": "sha512-m6pqVXwsm9GkCHC/+gdPvNowI7PNoVTT6OZMWKwXJoP2MvfntfhcfyliIf4/QX6t+DirSJ6XDSiSS70YvZ87Lw==",
      "requires": {
        "lodash": "^4.16.0"
      }
    },
    "sqlstring": {
      "version": "2.3.2",
      "resolved": "https://registry.npmjs.org/sqlstring/-/sqlstring-2.3.2.tgz",
      "integrity": "sha512-vF4ZbYdKS8OnoJAWBmMxCQDkiEBkGQYU7UZPtL8flbDRSNkhaXvRJ279ZtI6M+zDaQovVU4tuRgzK5fVhvFAhg=="
    },
    "string_decoder": {
      "version": "1.1.1",
      "resolved": "https://registry.npmjs.org/string_decoder/-/string_decoder-1.1.1.tgz",
      "integrity": "sha512-n/ShnvDi6FHbbVfviro+WojiFzv+s8MPMHBczVePfUpDJLwoLT0ht1l4YwBCbi8pJAveEEdnkHyPyTP/mzRfwg==",
      "requires": {
        "safe-buffer": "~5.1.0"
      }
    },
    "supports-color": {
      "version": "7.1.0",
      "resolved": "https://registry.npmjs.org/supports-color/-/supports-color-7.1.0.tgz",
      "integrity": "sha512-oRSIpR8pxT1Wr2FquTNnGet79b3BWljqOuoW/h4oBhxJ/HUbX5nX6JSruTkvXDCFMwDPvsaTTbvMLKZWSy0R5g==",
      "requires": {
        "has-flag": "^4.0.0"
      }
    },
    "tough-cookie": {
      "version": "4.0.0",
      "resolved": "https://registry.npmjs.org/tough-cookie/-/tough-cookie-4.0.0.tgz",
      "integrity": "sha512-tHdtEpQCMrc1YLrMaqXXcj6AxhYi/xgit6mZu1+EDWUn+qhUf8wMQoFIy9NXuq23zAwtcB0t/MjACGR18pcRbg==",
      "requires": {
        "psl": "^1.1.33",
        "punycode": "^2.1.1",
        "universalify": "^0.1.2"
      }
    },
    "tslib": {
      "version": "1.13.0",
      "resolved": "https://registry.npmjs.org/tslib/-/tslib-1.13.0.tgz",
      "integrity": "sha512-i/6DQjL8Xf3be4K/E6Wgpekn5Qasl1usyw++dAA35Ue5orEn65VIxOA+YvNNl9HV3qv70T7CNwjODHZrLwvd1Q=="
    },
    "tunnel": {
      "version": "0.0.6",
      "resolved": "https://registry.npmjs.org/tunnel/-/tunnel-0.0.6.tgz",
      "integrity": "sha512-1h/Lnq9yajKY2PEbBadPXj3VxsDDu844OnaAo52UVmIzIvwwtBPIuNvkjuzBlTWpfJyUbG3ez0KSBibQkj4ojg=="
    },
    "tz-offset": {
      "version": "0.0.1",
      "resolved": "https://registry.npmjs.org/tz-offset/-/tz-offset-0.0.1.tgz",
      "integrity": "sha512-kMBmblijHJXyOpKzgDhKx9INYU4u4E1RPMB0HqmKSgWG8vEcf3exEfLh4FFfzd3xdQOw9EuIy/cP0akY6rHopQ=="
    },
    "universalify": {
      "version": "0.1.2",
      "resolved": "https://registry.npmjs.org/universalify/-/universalify-0.1.2.tgz",
      "integrity": "sha512-rBJeI5CXAlmy1pV+617WB9J63U6XcazHHF2f2dbJix4XzpUF0RS3Zbj0FGIOCAva5P/d/GBOYaACQ1w+0azUkg=="
    },
    "util-deprecate": {
      "version": "1.0.2",
      "resolved": "https://registry.npmjs.org/util-deprecate/-/util-deprecate-1.0.2.tgz",
      "integrity": "sha1-RQ1Nyfpw3nMnYvvS1KKJgUGaDM8="
    },
    "uuid": {
      "version": "8.1.0",
      "resolved": "https://registry.npmjs.org/uuid/-/uuid-8.1.0.tgz",
      "integrity": "sha512-CI18flHDznR0lq54xBycOVmphdCYnQLKn8abKn7PXUiKUGdEd+/l9LWNJmugXel4hXq7S+RMNl34ecyC9TntWg=="
    },
    "xml2js": {
      "version": "0.4.23",
      "resolved": "https://registry.npmjs.org/xml2js/-/xml2js-0.4.23.tgz",
      "integrity": "sha512-ySPiMjM0+pLDftHgXY4By0uswI3SPKLDw/i3UXbnO8M/p28zqexCUoPmQFrYD+/1BzhGJSs2i1ERWKJAtiLrug==",
      "requires": {
        "sax": ">=0.6.0",
        "xmlbuilder": "~11.0.0"
      }
    },
    "xmlbuilder": {
      "version": "11.0.1",
      "resolved": "https://registry.npmjs.org/xmlbuilder/-/xmlbuilder-11.0.1.tgz",
      "integrity": "sha512-fDlsI/kFEx7gLvbecc0/ohLG50fugQp8ryHzMTuW9vSa1GJ0XYWKnhsUx7oie3G98+r56aTQIUB4kht42R3JvA=="
    },
    "yallist": {
      "version": "3.1.1",
      "resolved": "https://registry.npmjs.org/yallist/-/yallist-3.1.1.tgz",
      "integrity": "sha512-a4UGQaWPH59mOXUYnAG2ewncQS4i4F43Tv3JoAM+s2VDAmS9NsK8GpDMLrCHPksFT7h3K6TOoUNn2pb7RoXx4g=="
    }
  }
}
